{
  "requires": true,
  "lockfileVersion": 1,
  "dependencies": {
    "@angular/common": {
      "version": "8.0.0",
      "resolved": "https://registry.npmjs.org/@angular/common/-/common-8.0.0.tgz",
      "integrity": "sha512-iOAJZ0+1zTRHnHE/5G30+4Q66W1pfZkSkxZIXvgijZ+wtuNloYdWNy/IdZ/m7ayBI7A6FsYEhyMUoWz2HVEJNw==",
      "requires": {
        "tslib": "^1.9.0"
      }
    },
    "@angular/core": {
      "version": "8.0.0",
      "resolved": "https://registry.npmjs.org/@angular/core/-/core-8.0.0.tgz",
      "integrity": "sha512-mrkP1PTzqCmZGLYll+TDyawLXHzi+FcRPqSuRxCmDMthUUE93SLXT2yISDkx9aMPtFKgFr6KfrIkKuCz16BP/g==",
      "requires": {
        "tslib": "^1.9.0"
      }
    },
    "@auth0/angular-jwt": {
      "version": "2.1.0",
      "resolved": "https://registry.npmjs.org/@auth0/angular-jwt/-/angular-jwt-2.1.0.tgz",
      "integrity": "sha512-1KFtqswmJeM8JiniagSenpwHKTf9l+W+TmfsWV+x9SoZIShc6YmBsZDxd+oruZJL7MbJlxIJ3SQs7Yl1wraQdg==",
      "requires": {
        "url": "^0.11.0"
      }
    },
    "punycode": {
      "version": "1.3.2",
      "resolved": "https://registry.npmjs.org/punycode/-/punycode-1.3.2.tgz",
      "integrity": "sha1-llOgNvt8HuQjQvIyXM7v6jkmxI0="
    },
    "querystring": {
      "version": "0.2.0",
      "resolved": "https://registry.npmjs.org/querystring/-/querystring-0.2.0.tgz",
      "integrity": "sha1-sgmEkgO7Jd+CDadW50cAWHhSFiA="
    },
    "tslib": {
      "version": "1.9.3",
      "resolved": "https://registry.npmjs.org/tslib/-/tslib-1.9.3.tgz",
      "integrity": "sha512-4krF8scpejhaOgqzBEcGM7yDIEfi0/8+8zDRZhNZZ2kjmHJ4hv3zCbQWxoJGz1iw5U0Jl0nma13xzHXcncMavQ=="
    },
    "url": {
      "version": "0.11.0",
      "resolved": "https://registry.npmjs.org/url/-/url-0.11.0.tgz",
      "integrity": "sha1-ODjpfPxgUh63PFJajlW/3Z4uKPE=",
      "requires": {
        "punycode": "1.3.2",
        "querystring": "0.2.0"
      }
    }
  }
}
